Microsoft Visual Studio Solution File, Format Version 12.00
# Visual Studio Version 17
VisualStudioVersion = 17.5.2.0
MinimumVisualStudioVersion = 10.0.40219.1
Project("{FAE04EC0-301F-11D3-BF4B-00C04F79EFBC}") = "AutoNexusHook", "AutoNexusHook.csproj", "{A6A9B583-1C5E-2661-B168-E2BA881B3235}"
EndProject
Project("{2150E333-8FDC-42A3-9474-1A3956D46DE8}") = "Launcher", "Launcher", "{740C5202-8AD2-6D86-0CA9-F95B1A2D697C}"
EndProject
Project("{FAE04EC0-301F-11D3-BF4B-00C04F79EFBC}") = "AutoNexusLauncher", "Launcher\AutoNexusLauncher.csproj", "{7969E75A-84F2-29A5-5880-6CFAA0A13DFF}"
EndProject
Global
	GlobalSection(SolutionConfigurationPlatforms) = preSolution
		Debug|Any CPU = Debug|Any CPU
		Release|Any CPU = Release|Any CPU
	EndGlobalSection
	GlobalSection(ProjectConfigurationPlatforms) = postSolution
		{A6A9B583-1C5E-2661-B168-E2BA881B3235}.Debug|Any CPU.ActiveCfg = Debug|Any CPU
		{A6A9B583-1C5E-2661-B168-E2BA881B3235}.Debug|Any CPU.Build.0 = Debug|Any CPU
		{A6A9B583-1C5E-2661-B168-E2BA881B3235}.Release|Any CPU.ActiveCfg = Release|Any CPU
		{A6A9B583-1C5E-2661-B168-E2BA881B3235}.Release|Any CPU.Build.0 = Release|Any CPU
		{7969E75A-84F2-29A5-5880-6CFAA0A13DFF}.Debug|Any CPU.ActiveCfg = Debug|Any CPU
		{7969E75A-84F2-29A5-5880-6CFAA0A13DFF}.Debug|Any CPU.Build.0 = Debug|Any CPU
		{7969E75A-84F2-29A5-5880-6CFAA0A13DFF}.Release|Any CPU.ActiveCfg = Release|Any CPU
		{7969E75A-84F2-29A5-5880-6CFAA0A13DFF}.Release|Any CPU.Build.0 = Release|Any CPU
	EndGlobalSection
	GlobalSection(SolutionProperties) = preSolution
		HideSolutionNode = FALSE
	EndGlobalSection
	GlobalSection(NestedProjects) = preSolution
		{7969E75A-84F2-29A5-5880-6CFAA0A13DFF} = {740C5202-8AD2-6D86-0CA9-F95B1A2D697C}
	EndGlobalSection
	GlobalSection(ExtensibilityGlobals) = postSolution
		SolutionGuid = {F851223C-4B0F-4390-9A2E-8C2D5C217E33}
	EndGlobalSection
EndGlobal
